
Microsoft Visual Studio Solution File, Format Version 12.00
# Visual Studio Version 17
VisualStudioVersion = 17.4.33213.308
MinimumVisualStudioVersion = 10.0.40219.1
Project("{9A19103F-16F7-4668-BE54-9A1E7A4F7556}") = "YAMDB", "YAMDB\YAMDB.csproj", "{1BE21EBC-9C4B-4EF7-9A2B-DD23BBAC0556}"
EndProject
Project("{9A19103F-16F7-4668-BE54-9A1E7A4F7556}") = "YAMDB.Api", "YAMDB.Api\YAMDB.Api.csproj", "{923DF58E-81E4-4FC3-98E6-1EEF548CCD1B}"
EndProject
Project("{2150E333-8FDC-42A3-9474-1A3956D46DE8}") = "Deploy Files", "Deploy Files", "{ACAB57D0-FF3D-48AA-B532-4B9211D57D66}"
	ProjectSection(SolutionItems) = preProject
		.github\workflows\yamdb-dev.yml = .github\workflows\yamdb-dev.yml
	EndProjectSection
EndProject
Project("{9A19103F-16F7-4668-BE54-9A1E7A4F7556}") = "YAMDB.Tests", "YAMDB.Tests\YAMDB.Tests.csproj", "{D1D76256-14D7-4EBB-8985-D3BA7A0DBFAC}"
EndProject
Project("{2150E333-8FDC-42A3-9474-1A3956D46DE8}") = "Solution Items", "Solution Items", "{936E8E29-3B07-43A0-9773-46E50113F6AC}"
	ProjectSection(SolutionItems) = preProject
		.editorconfig = .editorconfig
		README.md = README.md
	EndProjectSection
EndProject
Global
	GlobalSection(SolutionConfigurationPlatforms) = preSolution
		Dev|Any CPU = Dev|Any CPU
		Local|Any CPU = Local|Any CPU
	EndGlobalSection
	GlobalSection(ProjectConfigurationPlatforms) = postSolution
		{1BE21EBC-9C4B-4EF7-9A2B-DD23BBAC0556}.Dev|Any CPU.ActiveCfg = Dev|Any CPU
		{1BE21EBC-9C4B-4EF7-9A2B-DD23BBAC0556}.Dev|Any CPU.Build.0 = Dev|Any CPU
		{1BE21EBC-9C4B-4EF7-9A2B-DD23BBAC0556}.Local|Any CPU.ActiveCfg = Local|Any CPU
		{1BE21EBC-9C4B-4EF7-9A2B-DD23BBAC0556}.Local|Any CPU.Build.0 = Local|Any CPU
		{923DF58E-81E4-4FC3-98E6-1EEF548CCD1B}.Dev|Any CPU.ActiveCfg = Dev|Any CPU
		{923DF58E-81E4-4FC3-98E6-1EEF548CCD1B}.Dev|Any CPU.Build.0 = Dev|Any CPU
		{923DF58E-81E4-4FC3-98E6-1EEF548CCD1B}.Local|Any CPU.ActiveCfg = Local|Any CPU
		{923DF58E-81E4-4FC3-98E6-1EEF548CCD1B}.Local|Any CPU.Build.0 = Local|Any CPU
		{D1D76256-14D7-4EBB-8985-D3BA7A0DBFAC}.Dev|Any CPU.ActiveCfg = Dev|Any CPU
		{D1D76256-14D7-4EBB-8985-D3BA7A0DBFAC}.Dev|Any CPU.Build.0 = Dev|Any CPU
		{D1D76256-14D7-4EBB-8985-D3BA7A0DBFAC}.Local|Any CPU.ActiveCfg = Local|Any CPU
		{D1D76256-14D7-4EBB-8985-D3BA7A0DBFAC}.Local|Any CPU.Build.0 = Local|Any CPU
	EndGlobalSection
	GlobalSection(SolutionProperties) = preSolution
		HideSolutionNode = FALSE
	EndGlobalSection
	GlobalSection(ExtensibilityGlobals) = postSolution
		SolutionGuid = {8641103C-15D0-4829-B003-CA7C5E0FD17E}
	EndGlobalSection
EndGlobal
